// !$*UTF8*$!
{
	archiveVersion = 1;
	classes = {
	};
	objectVersion = 51;
	objects = {

/* Begin PBXBuildFile section */
		3A470DFB24D474BB00E5DA13 /* PttMgr.swift in Sources */ = {isa = PBXBuildFile; fileRef = 3A470DFA24D474BB00E5DA13 /* PttMgr.swift */; };
		3AA9335524D092B50059F723 /* AppDelegate.swift in Sources */ = {isa = PBXBuildFile; fileRef = 3AA9335424D092B50059F723 /* AppDelegate.swift */; };
		3AA9335724D092B50059F723 /* ContentView.swift in Sources */ = {isa = PBXBuildFile; fileRef = 3AA9335624D092B50059F723 /* ContentView.swift */; };
		3AA9335924D092B60059F723 /* Assets.xcassets in Resources */ = {isa = PBXBuildFile; fileRef = 3AA9335824D092B60059F723 /* Assets.xcassets */; };
		3AA9335C24D092B60059F723 /* Preview Assets.xcassets in Resources */ = {isa = PBXBuildFile; fileRef = 3AA9335B24D092B60059F723 /* Preview Assets.xcassets */; };
		3AA9335F24D092B60059F723 /* Main.storyboard in Resources */ = {isa = PBXBuildFile; fileRef = 3AA9335D24D092B60059F723 /* Main.storyboard */; };
		AF792A3921FC740E087EC4BF /* Pods_iPtt.framework in Frameworks */ = {isa = PBXBuildFile; fileRef = B4D60AD554D7DCDA9DC9CE63 /* Pods_iPtt.framework */; };
/* End PBXBuildFile section */

/* Begin PBXFileReference section */
		3A470DFA24D474BB00E5DA13 /* PttMgr.swift */ = {isa = PBXFileReference; lastKnownFileType = sourcecode.swift; path = PttMgr.swift; sourceTree = "<group>"; };
		3AA9335124D092B50059F723 /* iPtt.app */ = {isa = PBXFileReference; explicitFileType = wrapper.application; includeInIndex = 0; path = iPtt.app; sourceTree = BUILT_PRODUCTS_DIR; };
		3AA9335424D092B50059F723 /* AppDelegate.swift */ = {isa = PBXFileReference; lastKnownFileType = sourcecode.swift; path = AppDelegate.swift; sourceTree = "<group>"; };
		3AA9335624D092B50059F723 /* ContentView.swift */ = {isa = PBXFileReference; lastKnownFileType = sourcecode.swift; path = ContentView.swift; sourceTree = "<group>"; };
		3AA9335824D092B60059F723 /* Assets.xcassets */ = {isa = PBXFileReference; lastKnownFileType = folder.assetcatalog; path = Assets.xcassets; sourceTree = "<group>"; };
		3AA9335B24D092B60059F723 /* Preview Assets.xcassets */ = {isa = PBXFileReference; lastKnownFileType = folder.assetcatalog; path = "Preview Assets.xcassets"; sourceTree = "<group>"; };
		3AA9335E24D092B60059F723 /* Base */ = {isa = PBXFileReference; lastKnownFileType = file.storyboard; name = Base; path = Base.lproj/Main.storyboard; sourceTree = "<group>"; };
		3AA9336024D092B60059F723 /* Info.plist */ = {isa = PBXFileReference; lastKnownFileType = text.plist.xml; path = Info.plist; sourceTree = "<group>"; };
		3AA9336124D092B60059F723 /* iPtt.entitlements */ = {isa = PBXFileReference; lastKnownFileType = text.plist.entitlements; path = iPtt.entitlements; sourceTree = "<group>"; };
		4402AAABE654C192C3AFC2DC /* Pods-iPtt.debug.xcconfig */ = {isa = PBXFileReference; includeInIndex = 1; lastKnownFileType = text.xcconfig; name = "Pods-iPtt.debug.xcconfig"; path = "Target Support Files/Pods-iPtt/Pods-iPtt.debug.xcconfig"; sourceTree = "<group>"; };
		44710782458FD7BCF51752C7 /* Pods-iPtt.release.xcconfig */ = {isa = PBXFileReference; includeInIndex = 1; lastKnownFileType = text.xcconfig; name = "Pods-iPtt.release.xcconfig"; path = "Target Support Files/Pods-iPtt/Pods-iPtt.release.xcconfig"; sourceTree = "<group>"; };
		B4D60AD554D7DCDA9DC9CE63 /* Pods_iPtt.framework */ = {isa = PBXFileReference; explicitFileType = wrapper.framework; includeInIndex = 0; path = Pods_iPtt.framework; sourceTree = BUILT_PRODUCTS_DIR; };
/* End PBXFileReference section */

/* Begin PBXFrameworksBuildPhase section */
		3AA9334E24D092B50059F723 /* Frameworks */ = {
			isa = PBXFrameworksBuildPhase;
			buildActionMask = 2147483647;
			files = (
				AF792A3921FC740E087EC4BF /* Pods_iPtt.framework in Frameworks */,
			);
			runOnlyForDeploymentPostprocessing = 0;
		};
/* End PBXFrameworksBuildPhase section */

/* Begin PBXGroup section */
		38E57C3C1687466938092070 /* Frameworks */ = {
			isa = PBXGroup;
			children = (
				B4D60AD554D7DCDA9DC9CE63 /* Pods_iPtt.framework */,
			);
			name = Frameworks;
			sourceTree = "<group>";
		};
		3AA9334824D092B50059F723 = {
			isa = PBXGroup;
			children = (
				3AA9335324D092B50059F723 /* iPtt */,
				3AA9335224D092B50059F723 /* Products */,
				EA9A52485B8785ED5E83B0B6 /* Pods */,
				38E57C3C1687466938092070 /* Frameworks */,
			);
			sourceTree = "<group>";
		};
		3AA9335224D092B50059F723 /* Products */ = {
			isa = PBXGroup;
			children = (
				3AA9335124D092B50059F723 /* iPtt.app */,
			);
			name = Products;
			sourceTree = "<group>";
		};
		3AA9335324D092B50059F723 /* iPtt */ = {
			isa = PBXGroup;
			children = (
				3AA9335424D092B50059F723 /* AppDelegate.swift */,
				3AA9335624D092B50059F723 /* ContentView.swift */,
				3AA9335824D092B60059F723 /* Assets.xcassets */,
				3AA9335D24D092B60059F723 /* Main.storyboard */,
				3AA9336024D092B60059F723 /* Info.plist */,
				3AA9336124D092B60059F723 /* iPtt.entitlements */,
				3AA9335A24D092B60059F723 /* Preview Content */,
				3A470DFA24D474BB00E5DA13 /* PttMgr.swift */,
			);
			path = iPtt;
			sourceTree = "<group>";
		};
		3AA9335A24D092B60059F723 /* Preview Content */ = {
			isa = PBXGroup;
			children = (
				3AA9335B24D092B60059F723 /* Preview Assets.xcassets */,
			);
			path = "Preview Content";
			sourceTree = "<group>";
		};
		EA9A52485B8785ED5E83B0B6 /* Pods */ = {
			isa = PBXGroup;
			children = (
				4402AAABE654C192C3AFC2DC /* Pods-iPtt.debug.xcconfig */,
				44710782458FD7BCF51752C7 /* Pods-iPtt.release.xcconfig */,
			);
			path = Pods;
			sourceTree = "<group>";
		};
/* End PBXGroup section */

/* Begin PBXNativeTarget section */
		3AA9335024D092B50059F723 /* iPtt */ = {
			isa = PBXNativeTarget;
			buildConfigurationList = 3AA9336424D092B60059F723 /* Build configuration list for PBXNativeTarget "iPtt" */;
			buildPhases = (
				DF52DD6FC8E82286CB9635DF /* [CP] Check Pods Manifest.lock */,
				3AA9334D24D092B50059F723 /* Sources */,
				3AA9334E24D092B50059F723 /* Frameworks */,
				3AA9334F24D092B50059F723 /* Resources */,
				DFE55832D30FFEA75C6BF2F3 /* [CP] Embed Pods Frameworks */,
			);
			buildRules = (
			);
			dependencies = (
			);
			name = iPtt;
			productName = iPtt;
			productReference = 3AA9335124D092B50059F723 /* iPtt.app */;
			productType = "com.apple.product-type.application";
		};
/* End PBXNativeTarget section */

/* Begin PBXProject section */
		3AA9334924D092B50059F723 /* Project object */ = {
			isa = PBXProject;
			attributes = {
				LastSwiftUpdateCheck = 1130;
				LastUpgradeCheck = 1130;
				ORGANIZATIONNAME = Ming;
				TargetAttributes = {
					3AA9335024D092B50059F723 = {
						CreatedOnToolsVersion = 11.3.1;
					};
				};
			};
			buildConfigurationList = 3AA9334C24D092B50059F723 /* Build configuration list for PBXProject "iPtt" */;
			compatibilityVersion = "Xcode 9.3";
			developmentRegion = en;
			hasScannedForEncodings = 0;
			knownRegions = (
				en,
				Base,
			);
			mainGroup = 3AA9334824D092B50059F723;
			productRefGroup = 3AA9335224D092B50059F723 /* Products */;
			projectDirPath = "";
			projectRoot = "";
			targets = (
				3AA9335024D092B50059F723 /* iPtt */,
			);
		};
/* End PBXProject section */

/* Begin PBXResourcesBuildPhase section */
		3AA9334F24D092B50059F723 /* Resources */ = {
			isa = PBXResourcesBuildPhase;
			buildActionMask = 2147483647;
			files = (
				3AA9335F24D092B60059F723 /* Main.storyboard in Resources */,
				3AA9335C24D092B60059F723 /* Preview Assets.xcassets in Resources */,
				3AA9335924D092B60059F723 /* Assets.xcassets in Resources */,
			);
			runOnlyForDeploymentPostprocessing = 0;
		};
/* End PBXResourcesBuildPhase section */

/* Begin PBXShellScriptBuildPhase section */
		DF52DD6FC8E82286CB9635DF /* [CP] Check Pods Manifest.lock */ = {
			isa = PBXShellScriptBuildPhase;
			buildActionMask = 2147483647;
			files = (
			);
			inputFileListPaths = (
			);
			inputPaths = (
				"${PODS_PODFILE_DIR_PATH}/Podfile.lock",
				"${PODS_ROOT}/Manifest.lock",
			);
			name = "[CP] Check Pods Manifest.lock";
			outputFileListPaths = (
			);
			outputPaths = (
				"$(DERIVED_FILE_DIR)/Pods-iPtt-checkManifestLockResult.txt",
			);
			runOnlyForDeploymentPostprocessing = 0;
			shellPath = /bin/sh;
			shellScript = "diff \"${PODS_PODFILE_DIR_PATH}/Podfile.lock\" \"${PODS_ROOT}/Manifest.lock\" > /dev/null\nif [ $? != 0 ] ; then\n    # print error to STDERR\n    echo \"error: The sandbox is not in sync with the Podfile.lock. Run 'pod install' or update your CocoaPods installation.\" >&2\n    exit 1\nfi\n# This output is used by Xcode 'outputs' to avoid re-running this script phase.\necho \"SUCCESS\" > \"${SCRIPT_OUTPUT_FILE_0}\"\n";
			showEnvVarsInLog = 0;
		};
		DFE55832D30FFEA75C6BF2F3 /* [CP] Embed Pods Frameworks */ = {
			isa = PBXShellScriptBuildPhase;
			buildActionMask = 2147483647;
			files = (
			);
			inputFileListPaths = (
				"${PODS_ROOT}/Target Support Files/Pods-iPtt/Pods-iPtt-frameworks-${CONFIGURATION}-input-files.xcfilelist",
			);
			name = "[CP] Embed Pods Frameworks";
			outputFileListPaths = (
				"${PODS_ROOT}/Target Support Files/Pods-iPtt/Pods-iPtt-frameworks-${CONFIGURATION}-output-files.xcfilelist",
			);
			runOnlyForDeploymentPostprocessing = 0;
			shellPath = /bin/sh;
			shellScript = "\"${PODS_ROOT}/Target Support Files/Pods-iPtt/Pods-iPtt-frameworks.sh\"\n";
			showEnvVarsInLog = 0;
		};
/* End PBXShellScriptBuildPhase section */

/* Begin PBXSourcesBuildPhase section */
		3AA9334D24D092B50059F723 /* Sources */ = {
			isa = PBXSourcesBuildPhase;
			buildActionMask = 2147483647;
			files = (
				3A470DFB24D474BB00E5DA13 /* PttMgr.swift in Sources */,
				3AA9335724D092B50059F723 /* ContentView.swift in Sources */,
				3AA9335524D092B50059F723 /* AppDelegate.swift in Sources */,
			);
			runOnlyForDeploymentPostprocessing = 0;
		};
/* End PBXSourcesBuildPhase section */

/* Begin PBXVariantGroup section */
		3AA9335D24D092B60059F723 /* Main.storyboard */ = {
			isa = PBXVariantGroup;
			children = (
				3AA9335E24D092B60059F723 /* Base */,
			);
			name = Main.storyboard;
			sourceTree = "<group>";
		};
/* End PBXVariantGroup section */

/* Begin XCBuildConfiguration section */
		3AA9336224D092B60059F723 /* Debug */ = {
			isa = XCBuildConfiguration;
			buildSettings = {
				ALWAYS_SEARCH_USER_PATHS = NO;
				CLANG_ANALYZER_NONNULL = YES;
				CLANG_ANALYZER_NUMBER_OBJECT_CONVERSION = YES_AGGRESSIVE;
				CLANG_CXX_LANGUAGE_STANDARD = "gnu++14";
				CLANG_CXX_LIBRARY = "libc++";
				CLANG_ENABLE_MODULES = YES;
				CLANG_ENABLE_OBJC_ARC = YES;
				CLANG_ENABLE_OBJC_WEAK = YES;
				CLANG_WARN_BLOCK_CAPTURE_AUTORELEASING = YES;
				CLANG_WARN_BOOL_CONVERSION = YES;
				CLANG_WARN_COMMA = YES;
				CLANG_WARN_CONSTANT_CONVERSION = YES;
				CLANG_WARN_DEPRECATED_OBJC_IMPLEMENTATIONS = YES;
				CLANG_WARN_DIRECT_OBJC_ISA_USAGE = YES_ERROR;
				CLANG_WARN_DOCUMENTATION_COMMENTS = YES;
				CLANG_WARN_EMPTY_BODY = YES;
				CLANG_WARN_ENUM_CONVERSION = YES;
				CLANG_WARN_INFINITE_RECURSION = YES;
				CLANG_WARN_INT_CONVERSION = YES;
				CLANG_WARN_NON_LITERAL_NULL_CONVERSION = YES;
				CLANG_WARN_OBJC_IMPLICIT_RETAIN_SELF = YES;
				CLANG_WARN_OBJC_LITERAL_CONVERSION = YES;
				CLANG_WARN_OBJC_ROOT_CLASS = YES_ERROR;
				CLANG_WARN_RANGE_LOOP_ANALYSIS = YES;
				CLANG_WARN_STRICT_PROTOTYPES = YES;
				CLANG_WARN_SUSPICIOUS_MOVE = YES;
				CLANG_WARN_UNGUARDED_AVAILABILITY = YES_AGGRESSIVE;
				CLANG_WARN_UNREACHABLE_CODE = YES;
				CLANG_WARN__DUPLICATE_METHOD_MATCH = YES;
				COPY_PHASE_STRIP = NO;
				DEBUG_INFORMATION_FORMAT = dwarf;
				ENABLE_STRICT_OBJC_MSGSEND = YES;
				ENABLE_TESTABILITY = YES;
				GCC_C_LANGUAGE_STANDARD = gnu11;
				GCC_DYNAMIC_NO_PIC = NO;
				GCC_NO_COMMON_BLOCKS = YES;
				GCC_OPTIMIZATION_LEVEL = 0;
				GCC_PREPROCESSOR_DEFINITIONS = (
					"DEBUG=1",
					"$(inherited)",
				);
				GCC_WARN_64_TO_32_BIT_CONVERSION = YES;
				GCC_WARN_ABOUT_RETURN_TYPE = YES_ERROR;
				GCC_WARN_UNDECLARED_SELECTOR = YES;
				GCC_WARN_UNINITIALIZED_AUTOS = YES_AGGRESSIVE;
				GCC_WARN_UNUSED_FUNCTION = YES;
				GCC_WARN_UNUSED_VARIABLE = YES;
				MACOSX_DEPLOYMENT_TARGET = 10.15;
				MTL_ENABLE_DEBUG_INFO = INCLUDE_SOURCE;
				MTL_FAST_MATH = YES;
				ONLY_ACTIVE_ARCH = YES;
				SDKROOT = macosx;
				SWIFT_ACTIVE_COMPILATION_CONDITIONS = DEBUG;
				SWIFT_OPTIMIZATION_LEVEL = "-Onone";
			};
			name = Debug;
		};
		3AA9336324D092B60059F723 /* Release */ = {
			isa = XCBuildConfiguration;
			buildSettings = {
				ALWAYS_SEARCH_USER_PATHS = NO;
				CLANG_ANALYZER_NONNULL = YES;
				CLANG_ANALYZER_NUMBER_OBJECT_CONVERSION = YES_AGGRESSIVE;
				CLANG_CXX_LANGUAGE_STANDARD = "gnu++14";
				CLANG_CXX_LIBRARY = "libc++";
				CLANG_ENABLE_MODULES = YES;
				CLANG_ENABLE_OBJC_ARC = YES;
				CLANG_ENABLE_OBJC_WEAK = YES;
				CLANG_WARN_BLOCK_CAPTURE_AUTORELEASING = YES;
				CLANG_WARN_BOOL_CONVERSION = YES;
				CLANG_WARN_COMMA = YES;
				CLANG_WARN_CONSTANT_CONVERSION = YES;
				CLANG_WARN_DEPRECATED_OBJC_IMPLEMENTATIONS = YES;
				CLANG_WARN_DIRECT_OBJC_ISA_USAGE = YES_ERROR;
				CLANG_WARN_DOCUMENTATION_COMMENTS = YES;
				CLANG_WARN_EMPTY_BODY = YES;
				CLANG_WARN_ENUM_CONVERSION = YES;
				CLANG_WARN_INFINITE_RECURSION = YES;
				CLANG_WARN_INT_CONVERSION = YES;
				CLANG_WARN_NON_LITERAL_NULL_CONVERSION = YES;
				CLANG_WARN_OBJC_IMPLICIT_RETAIN_SELF = YES;
				CLANG_WARN_OBJC_LITERAL_CONVERSION = YES;
				CLANG_WARN_OBJC_ROOT_CLASS = YES_ERROR;
				CLANG_WARN_RANGE_LOOP_ANALYSIS = YES;
				CLANG_WARN_STRICT_PROTOTYPES = YES;
				CLANG_WARN_SUSPICIOUS_MOVE = YES;
				CLANG_WARN_UNGUARDED_AVAILABILITY = YES_AGGRESSIVE;
				CLANG_WARN_UNREACHABLE_CODE = YES;
				CLANG_WARN__DUPLICATE_METHOD_MATCH = YES;
				COPY_PHASE_STRIP = NO;
				DEBUG_INFORMATION_FORMAT = "dwarf-with-dsym";
				ENABLE_NS_ASSERTIONS = NO;
				ENABLE_STRICT_OBJC_MSGSEND = YES;
				GCC_C_LANGUAGE_STANDARD = gnu11;
				GCC_NO_COMMON_BLOCKS = YES;
				GCC_WARN_64_TO_32_BIT_CONVERSION = YES;
				GCC_WARN_ABOUT_RETURN_TYPE = YES_ERROR;
				GCC_WARN_UNDECLARED_SELECTOR = YES;
				GCC_WARN_UNINITIALIZED_AUTOS = YES_AGGRESSIVE;
				GCC_WARN_UNUSED_FUNCTION = YES;
				GCC_WARN_UNUSED_VARIABLE = YES;
				MACOSX_DEPLOYMENT_TARGET = 10.15;
				MTL_ENABLE_DEBUG_INFO = NO;
				MTL_FAST_MATH = YES;
				SDKROOT = macosx;
				SWIFT_COMPILATION_MODE = wholemodule;
				SWIFT_OPTIMIZATION_LEVEL = "-O";
			};
			name = Release;
		};
		3AA9336524D092B60059F723 /* Debug */ = {
			isa = XCBuildConfiguration;
			baseConfigurationReference = 4402AAABE654C192C3AFC2DC /* Pods-iPtt.debug.xcconfig */;
			buildSettings = {
				ASSETCATALOG_COMPILER_APPICON_NAME = AppIcon;
				CODE_SIGN_ENTITLEMENTS = iPtt/iPtt.entitlements;
				CODE_SIGN_STYLE = Automatic;
				COMBINE_HIDPI_IMAGES = YES;
				DEVELOPMENT_ASSET_PATHS = "\"iPtt/Preview Content\"";
				DEVELOPMENT_TEAM = JMG6YG7Y9H;
				ENABLE_HARDENED_RUNTIME = YES;
				ENABLE_PREVIEWS = YES;
				INFOPLIST_FILE = iPtt/Info.plist;
				LD_RUNPATH_SEARCH_PATHS = (
					"$(inherited)",
					"@executable_path/../Frameworks",
				);
				MACOSX_DEPLOYMENT_TARGET = 10.15;
				PRODUCT_BUNDLE_IDENTIFIER = com.puzzlestudio.iPtt;
				PRODUCT_NAME = "$(TARGET_NAME)";
				SWIFT_VERSION = 5.0;
			};
			name = Debug;
		};
		3AA9336624D092B60059F723 /* Release */ = {
			isa = XCBuildConfiguration;
			baseConfigurationReference = 44710782458FD7BCF51752C7 /* Pods-iPtt.release.xcconfig */;
			buildSettings = {
				ASSETCATALOG_COMPILER_APPICON_NAME = AppIcon;
				CODE_SIGN_ENTITLEMENTS = iPtt/iPtt.entitlements;
				CODE_SIGN_STYLE = Automatic;
				COMBINE_HIDPI_IMAGES = YES;
				DEVELOPMENT_ASSET_PATHS = "\"iPtt/Preview Content\"";
				DEVELOPMENT_TEAM = JMG6YG7Y9H;
				ENABLE_HARDENED_RUNTIME = YES;
				ENABLE_PREVIEWS = YES;
				INFOPLIST_FILE = iPtt/Info.plist;
				LD_RUNPATH_SEARCH_PATHS = (
					"$(inherited)",
					"@executable_path/../Frameworks",
				);
				MACOSX_DEPLOYMENT_TARGET = 10.15;
				PRODUCT_BUNDLE_IDENTIFIER = com.puzzlestudio.iPtt;
				PRODUCT_NAME = "$(TARGET_NAME)";
				SWIFT_VERSION = 5.0;
			};
			name = Release;
		};
/* End XCBuildConfiguration section */

/* Begin XCConfigurationList section */
		3AA9334C24D092B50059F723 /* Build configuration list for PBXProject "iPtt" */ = {
			isa = XCConfigurationList;
			buildConfigurations = (
				3AA9336224D092B60059F723 /* Debug */,
				3AA9336324D092B60059F723 /* Release */,
			);
			defaultConfigurationIsVisible = 0;
			defaultConfigurationName = Release;
		};
		3AA9336424D092B60059F723 /* Build configuration list for PBXNativeTarget "iPtt" */ = {
			isa = XCConfigurationList;
			buildConfigurations = (
				3AA9336524D092B60059F723 /* Debug */,
				3AA9336624D092B60059F723 /* Release */,
			);
			defaultConfigurationIsVisible = 0;
			defaultConfigurationName = Release;
		};
/* End XCConfigurationList section */
	};
	rootObject = 3AA9334924D092B50059F723 /* Project object */;
}
